<?xml version="1.0" encoding="utf-8"?>
<Project ToolsVersion="4.0" xmlns="http://schemas.microsoft.com/developer/msbuild/2003">
  <ItemGroup>
    <Filter Include="Source Files">
      <UniqueIdentifier>{4FC737F1-C7A5-4376-A066-2A32D752A2FF}</UniqueIdentifier>
      <Extensions>cpp;c;cc;cxx;c++;cppm;ixx;def;odl;idl;hpj;bat;asm;asmx</Extensions>
    </Filter>
    <Filter Include="Header Files">
      <UniqueIdentifier>{93995380-89BD-4b04-88EB-625FBE52EBFB}</UniqueIdentifier>
      <Extensions>h;hh;hpp;hxx;h++;hm;inl;inc;ipp;xsd</Extensions>
    </Filter>
    <Filter Include="Resource Files">
      <UniqueIdentifier>{67DA6AB6-F800-4c08-8B7A-83BB121AAD01}</UniqueIdentifier>
      <Extensions>rc;ico;cur;bmp;dlg;rc2;rct;bin;rgs;gif;jpg;jpeg;jpe;resx;tiff;tif;png;wav;mfcribbon-ms</Extensions>
    </Filter>
    <Filter Include="Header Files\Input">
      <UniqueIdentifier>{d22ddced-6af1-4934-a77e-88d21a723527}</UniqueIdentifier>
    </Filter>
    <Filter Include="Header Files\imgui">
      <UniqueIdentifier>{5c5525f2-0743-4366-a73a-94405e956982}</UniqueIdentifier>
    </Filter>
    <Filter Include="Header Files\GUI">
      <UniqueIdentifier>{6a1eb434-9160-4b07-b836-55e5645b3682}</UniqueIdentifier>
    </Filter>
    <Filter Include="Header Files\time_utils">
      <UniqueIdentifier>{d2016985-be7c-4e1d-8f30-065e3041403e}</UniqueIdentifier>
    </Filter>
    <Filter Include="Header Files\json">
      <UniqueIdentifier>{fad4e05f-beaa-407d-8027-6f659cacaf1e}</UniqueIdentifier>
    </Filter>
  </ItemGroup>
  <ItemGroup>
    <ClCompile Include="main.cpp">
      <Filter>Source Files</Filter>
    </ClCompile>
    <ClCompile Include="..\dependencies\includes\imgui\imgui.cpp">
      <Filter>Header Files\imgui</Filter>
    </ClCompile>
    <ClCompile Include="..\dependencies\includes\imgui\imgui_demo.cpp">
      <Filter>Header Files\imgui</Filter>
    </ClCompile>
    <ClCompile Include="..\dependencies\includes\imgui\imgui_draw.cpp">
      <Filter>Header Files\imgui</Filter>
    </ClCompile>
    <ClCompile Include="..\dependencies\includes\imgui\imgui_impl_glfw.cpp">
      <Filter>Header Files\imgui</Filter>
    </ClCompile>
    <ClCompile Include="..\dependencies\includes\imgui\imgui_impl_opengl3.cpp">
      <Filter>Header Files\imgui</Filter>
    </ClCompile>
    <ClCompile Include="..\dependencies\includes\imgui\imgui_stdlib.cpp">
      <Filter>Header Files\imgui</Filter>
    </ClCompile>
    <ClCompile Include="..\dependencies\includes\imgui\imgui_tables.cpp">
      <Filter>Header Files\imgui</Filter>
    </ClCompile>
    <ClCompile Include="..\dependencies\includes\imgui\imgui_widgets.cpp">
      <Filter>Header Files\imgui</Filter>
    </ClCompile>
    <ClCompile Include="MimicEngine.cpp">
      <Filter>Header Files</Filter>
    </ClCompile>
    <ClCompile Include="Hook.cpp">
      <Filter>Header Files</Filter>
    </ClCompile>
    <ClCompile Include="..\dependencies\includes\time_utils\time_utils.cpp">
      <Filter>Header Files\time_utils</Filter>
    </ClCompile>
    <ClCompile Include="..\dependencies\includes\InputUtilities\InputUtilities.cpp">
      <Filter>Header Files\Input</Filter>
    </ClCompile>
    <ClCompile Include="..\dependencies\includes\InputUtilities\InputUtilitiesCore.cpp">
      <Filter>Header Files\Input</Filter>
    </ClCompile>
  </ItemGroup>
  <ItemGroup>
    <ClInclude Include="..\dependencies\includes\imgui\imgui.h">
      <Filter>Header Files\imgui</Filter>
    </ClInclude>
    <ClInclude Include="..\dependencies\includes\imgui\imgui_impl_glfw.h">
      <Filter>Header Files\imgui</Filter>
    </ClInclude>
    <ClInclude Include="..\dependencies\includes\imgui\imgui_impl_opengl3.h">
      <Filter>Header Files\imgui</Filter>
    </ClInclude>
    <ClInclude Include="..\dependencies\includes\imgui\imgui_internal.h">
      <Filter>Header Files\imgui</Filter>
    </ClInclude>
    <ClInclude Include="..\dependencies\includes\imgui\imgui_stdlib.h">
      <Filter>Header Files\imgui</Filter>
    </ClInclude>
    <ClInclude Include="..\dependencies\includes\imgui\imstb_rectpack.h">
      <Filter>Header Files\imgui</Filter>
    </ClInclude>
    <ClInclude Include="..\dependencies\includes\imgui\imstb_textedit.h">
      <Filter>Header Files\imgui</Filter>
    </ClInclude>
    <ClInclude Include="..\dependencies\includes\imgui\imstb_truetype.h">
      <Filter>Header Files\imgui</Filter>
    </ClInclude>
    <ClInclude Include="GUI.h">
      <Filter>Header Files\GUI</Filter>
    </ClInclude>
    <ClInclude Include="MimicEngine.h">
      <Filter>Header Files</Filter>
    </ClInclude>
    <ClInclude Include="Hook.h">
      <Filter>Header Files</Filter>
    </ClInclude>
    <ClInclude Include="Global.h">
      <Filter>Header Files</Filter>
    </ClInclude>
    <ClInclude Include="..\dependencies\includes\time_utils\time_utils.h">
      <Filter>Header Files\time_utils</Filter>
    </ClInclude>
    <ClInclude Include="..\dependencies\includes\InputUtilities\InputUtilitiesCore.h">
      <Filter>Header Files\Input</Filter>
    </ClInclude>
    <ClInclude Include="..\dependencies\includes\InputUtilities\InputUtilities.h">
      <Filter>Header Files\Input</Filter>
    </ClInclude>
    <ClInclude Include="..\..\..\PC\vcpkg\packages\jsoncpp_x64-windows-static\include\json\forwards.h">
      <Filter>Header Files\json</Filter>
    </ClInclude>
    <ClInclude Include="..\..\..\PC\vcpkg\packages\jsoncpp_x64-windows-static\include\json\json.h">
      <Filter>Header Files\json</Filter>
    </ClInclude>
    <ClInclude Include="..\..\..\PC\vcpkg\packages\jsoncpp_x64-windows-static\include\json\json_features.h">
      <Filter>Header Files\json</Filter>
    </ClInclude>
    <ClInclude Include="..\..\..\PC\vcpkg\packages\jsoncpp_x64-windows-static\include\json\reader.h">
      <Filter>Header Files\json</Filter>
    </ClInclude>
    <ClInclude Include="..\..\..\PC\vcpkg\packages\jsoncpp_x64-windows-static\include\json\value.h">
      <Filter>Header Files\json</Filter>
    </ClInclude>
    <ClInclude Include="..\..\..\PC\vcpkg\packages\jsoncpp_x64-windows-static\include\json\version.h">
      <Filter>Header Files\json</Filter>
    </ClInclude>
    <ClInclude Include="..\..\..\PC\vcpkg\packages\jsoncpp_x64-windows-static\include\json\writer.h">
      <Filter>Header Files\json</Filter>
    </ClInclude>
    <ClInclude Include="..\..\..\PC\vcpkg\packages\jsoncpp_x64-windows-static\include\json\allocator.h">
      <Filter>Header Files\json</Filter>
    </ClInclude>
    <ClInclude Include="..\..\..\PC\vcpkg\packages\jsoncpp_x64-windows-static\include\json\assertions.h">
      <Filter>Header Files\json</Filter>
    </ClInclude>
    <ClInclude Include="..\..\..\PC\vcpkg\packages\jsoncpp_x64-windows-static\include\json\config.h">
      <Filter>Header Files\json</Filter>
    </ClInclude>
    <ClInclude Include="VK.h">
      <Filter>Header Files\Input</Filter>
    </ClInclude>
  </ItemGroup>
</Project>